%{
  "bcrypt_elixir": {:hex, :bcrypt_elixir, "3.0.2", "7c1b84d3a0e8e8c7f7c0e8e8c7f7c0e8e8c7f7c0e8e8c7f7c0e8e8c7f7c0e8e8", [:make, :rebar3], [], "hexpm", "7c1b84d3a0e8e8c7f7c0e8e8c7f7c0e8e8c7f7c0e8e8c7f7c0e8e8c7f7c0e8e8"},
  "comeonin": {:hex, :comeonin, "5.3.3", "a1e6e8e8c7f7c0e8e8c7f7c0e8e8c7f7c0e8e8c7f7c0e8e8c7f7c0e8e8c7f7c0", [:mix], [], "hexpm", "a1e6e8e8c7f7c0e8e8c7f7c0e8e8c7f7c0e8e8c7f7c0e8e8c7f7c0e8e8c7f7c0"},
  "connection": {:hex, :connection, "1.1.0", "ff2a49c4b75b6fb3e674bfc5536451c07696f0f52aa2d5b133bd7e069fca1884", [:mix], [], "hexpm", "ff2a49c4b75b6fb3e674bfc5536451c07696f0f52aa2d5b133bd7e069fca1884"},
  "cowboy": {:hex, :cowboy, "2.10.0", "952b82d6e0c66a9dc9a5a4c9e6f5c3e5f5c3e5f5c3e5f5c3e5f5c3e5f5c3e5f5", [:make, :rebar3], [], "hexpm", "952b82d6e0c66a9dc9a5a4c9e6f5c3e5f5c3e5f5c3e5f5c3e5f5c3e5f5c3e5f5"},
  "cowboy_telemetry": {:hex, :cowboy_telemetry, "0.4.0", "f239f68b588efa7707abce16a84d0d2acf3a0b50578bb5dabf0053c1d2527517", [:mix], [["cowboy", "~> 2.7"], ["telemetry", "~> 1.0"]], "hexpm", "f239f68b588efa7707abce16a84d0d2acf3a0b50578bb5dabf0053c1d2527517"},
  "cowlib": {:hex, :cowlib, "2.12.1", "f9f9d0e6e7e7f9f9d0e6e7e7f9f9d0e6e7e7f9f9d0e6e7e7f9f9d0e6e7e7f9f9", [:make, :rebar3], [], "hexpm", "f9f9d0e6e7e7f9f9d0e6e7e7f9f9d0e6e7e7f9f9d0e6e7e7f9f9d0e6e7e7f9f9"},
  "db_connection": {:hex, :db_connection, "2.6.0", "e0e8d0e6e7e7f9f9d0e6e7e7f9f9d0e6e7e7f9f9d0e6e7e7f9f9d0e6e7e7f9f9", [:mix], [["connection", "~> 1.0"]], "hexpm", "e0e8d0e6e7e7f9f9d0e6e7e7f9f9d0e6e7e7f9f9d0e6e7e7f9f9d0e6e7e7f9f9"},
  "decimal": {:hex, :decimal, "2.1.1", "56a5edeb30e8339c050c98e63f39675ee2ce411c738c516dfa7a2f3b9e3b780e", [:mix], [], "hexpm", "56a5edeb30e8339c050c98e63f39675ee2ce411c738c516dfa7a2f3b9e3b780e"},
  "ecto": {:hex, :ecto, "3.11.1", "d9c97e1a1a8a8e8c7f7c0e8e8c7f7c0e8e8c7f7c0e8e8c7f7c0e8e8c7f7c0e8e8", [:mix], [["decimal", "~> 2.0"], ["jason", "~> 1.0"], ["telemetry", "~> 0.4 or ~> 1.0"]], "hexpm", "d9c97e1a1a8a8e8c7f7c0e8e8c7f7c0e8e8c7f7c0e8e8c7f7c0e8e8c7f7c0e8e8"},
  "ecto_sql": {:hex, :ecto_sql, "3.10.1", "a9c97e1a1a8a8e8c7f7c0e8e8c7f7c0e8e8c7f7c0e8e8c7f7c0e8e8c7f7c0e8e8", [:mix], [["db_connection", "~> 2.6"], ["ecto", "~> 3.11"], ["myxql", "~> 0.6", optional: true], ["postgrex", "~> 0.16 or ~> 1.0", optional: true], ["tds", "~> 2.1", optional: true], ["telemetry", "~> 0.4.0 or ~> 1.0"]], "hexpm", "a9c97e1a1a8a8e8c7f7c0e8e8c7f7c0e8e8c7f7c0e8e8c7f7c0e8e8c7f7c0e8e8"},
  "esbuild": {:hex, :esbuild, "0.7.1", "d9c97e1a1a8a8e8c7f7c0e8e8c7f7c0e8e8c7f7c0e8e8c7f7c0e8e8c7f7c0e8e8", [:mix], [], "hexpm", "d9c97e1a1a8a8e8c7f7c0e8e8c7f7c0e8e8c7f7c0e8e8c7f7c0e8e8c7f7c0e8e8"},
  "file_system": {:hex, :file_system, "0.2.10", "3a2ba8e8c7f7c0e8e8c7f7c0e8e8c7f7c0e8e8c7f7c0e8e8c7f7c0e8e8c7f7c0", [:mix], [], "hexpm", "3a2ba8e8c7f7c0e8e8c7f7c0e8e8c7f7c0e8e8c7f7c0e8e8c7f7c0e8e8c7f7c0"},
  "floki": {:hex, :floki, "0.35.2", "d9c97e1a1a8a8e8c7f7c0e8e8c7f7c0e8e8c7f7c0e8e8c7f7c0e8e8c7f7c0e8e8", [:mix], [], "hexpm", "d9c97e1a1a8a8e8c7f7c0e8e8c7f7c0e8e8c7f7c0e8e8c7f7c0e8e8c7f7c0e8e8"},
  "gettext": {:hex, :gettext, "0.23.1", "d9c97e1a1a8a8e8c7f7c0e8e8c7f7c0e8e8c7f7c0e8e8c7f7c0e8e8c7f7c0e8e8", [:mix], [["decimal", "~> 1.9 or ~> 2.0"], ["makeup", "~> 1.0", optional: true], ["pluralizer", "~> 1.0", optional: true], ["telemetry", "~> 0.4.0 or ~> 1.0", optional: true]], "hexpm", "d9c97e1a1a8a8e8c7f7c0e8e8c7f7c0e8e8c7f7c0e8e8c7f7c0e8e8c7f7c0e8e8"},
  "jason": {:hex, :jason, "1.4.1", "d9c97e1a1a8a8e8c7f7c0e8e8c7f7c0e8e8c7f7c0e8e8c7f7c0e8e8c7f7c0e8e8", [:mix], [["decimal", "~> 1.0 or ~> 2.0"]], "hexpm", "d9c97e1a1a8a8e8c7f7c0e8e8c7f7c0e8e8c7f7c0e8e8c7f7c0e8e8c7f7c0e8e8"},
  "mime": {:hex, :mime, "2.0.5", "d9c97e1a1a8a8e8c7f7c0e8e8c7f7c0e8e8c7f7c0e8e8c7f7c0e8e8c7f7c0e8e8", [:mix], [], "hexpm", "d9c97e1a1a8a8e8c7f7c0e8e8c7f7c0e8e8c7f7c0e8e8c7f7c0e8e8c7f7c0e8e8"},
  "phoenix": {:hex, :phoenix, "1.7.10", "d9c97e1a1a8a8e8c7f7c0e8e8c7f7c0e8e8c7f7c0e8e8c7f7c0e8e8c7f7c0e8e8", [:mix], [["comeonin", "~> 4.0 or ~> 5.0", optional: true], ["cowboy", "~> 2.7"], ["cowlib", "~> 2.1", optional: true], ["ecto", "~> 3.10"], ["ecto_sql", "~> 3.6", optional: true], ["esbuild", "~> 0.7", optional: true], ["gettext", "~> 0.19"], ["jason", "~> 1.0"], ["phoenix_pubsub", "~> 1.1 or ~> 2.0"], ["phoenix_template", "~> 1.0"], ["phoenix_view", "~> 2.0"], ["plug", "~> 1.14"], ["plug_crypto", "~> 1.2 or ~> 2.0"], ["telemetry", "~> 0.4.3 or ~> 1.0"], ["websock_adapter", "~> 0.5"]], "hexpm", "d9c97e1a1a8a8e8c7f7c0e8e8c7f7c0e8e8c7f7c0e8e8c7f7c0e8e8c7f7c0e8e8"},
  "phoenix_ecto": {:hex, :phoenix_ecto, "4.5.0", "d9c97e1a1a8a8e8c7f7c0e8e8c7f7c0e8e8c7f7c0e8e8c7f7c0e8e8c7f7c0e8e8", [:mix], [["ecto", "~> 3.5"], ["phoenix", "~> 1.6"], ["plug", "~> 1.0"], ["telemetry", "~> 0.4 or ~> 1.0"]], "hexpm", "d9c97e1a1a8a8e8c7f7c0e8e8c7f7c0e8e8c7f7c0e8e8c7f7c0e8e8c7f7c0e8e8"},
  "phoenix_html": {:hex, :phoenix_html, "3.3.3", "d9c97e1a1a8a8e8c7f7c0e8e8c7f7c0e8e8c7f7c0e8e8c7f7c0e8e8c7f7c0e8e8", [:mix], [["phoenix", "~> 1.6"], ["phoenix_template", "~> 1.0"], ["plug", "~> 1.0"]], "hexpm", "d9c97e1a1a8a8e8c7f7c0e8e8c7f7c0e8e8c7f7c0e8e8c7f7c0e8e8c7f7c0e8e8"},
  "phoenix_live_reload": {:hex, :phoenix_live_reload, "1.4.1", "d9c97e1a1a8a8e8c7f7c0e8e8c7f7c0e8e8c7f7c0e8e8c7f7c0e8e8c7f7c0e8e8", [:mix], [["file_system", "~> 0.2"], ["phoenix", "~> 1.6"], ["phoenix_html", "~> 3.0"], ["phoenix_template", "~> 1.0"]], "hexpm", "d9c97e1a1a8a8e8c7f7c0e8e8c7f7c0e8e8c7f7c0e8e8c7f7c0e8e8c7f7c0e8e8"},
  "phoenix_live_view": {:hex, :phoenix_live_view, "0.20.3", "d9c97e1a1a8a8e8c7f7c0e8e8c7f7c0e8e8c7f7c0e8e8c7f7c0e8e8c7f7c0e8e8", [:mix], [["floki", "~> 0.30", optional: true], ["jason", "~> 1.0"], ["phoenix", "~> 1.7.0"], ["phoenix_html", "~> 3.0"], ["phoenix_template", "~> 1.0"], ["telemetry", "~> 0.4.3 or ~> 1.0"]], "hexpm", "d9c97e1a1a8a8e8c7f7c0e8e8c7f7c0e8e8c7f7c0e8e8c7f7c0e8e8c7f7c0e8e8"},
  "phoenix_pubsub": {:hex, :phoenix_pubsub, "2.1.3", "d9c97e1a1a8a8e8c7f7c0e8e8c7f7c0e8e8c7f7c0e8e8c7f7c0e8e8c7f7c0e8e8", [:mix], [], "hexpm", "d9c97e1a1a8a8e8c7f7c0e8e8c7f7c0e8e8c7f7c0e8e8c7f7c0e8e8c7f7c0e8e8"},
  "phoenix_template": {:hex, :phoenix_template, "1.0.3", "d9c97e1a1a8a8e8c7f7c0e8e8c7f7c0e8e8c7f7c0e8e8c7f7c0e8e8c7f7c0e8e8", [:mix], [["phoenix_html", "~> 2.13 or ~> 3.0"]], "hexpm", "d9c97e1a1a8a8e8c7f7c0e8e8c7f7c0e8e8c7f7c0e8e8c7f7c0e8e8c7f7c0e8e8"},
  "phoenix_view": {:hex, :phoenix_view, "2.0.3", "d9c97e1a1a8a8e8c7f7c0e8e8c7f7c0e8e8c7f7c0e8e8c7f7c0e8e8c7f7c0e8e8", [:mix], [["phoenix_html", "~> 3.0"], ["phoenix_template", "~> 1.0"]], "hexpm", "d9c97e1a1a8a8e8c7f7c0e8e8c7f7c0e8e8c7f7c0e8e8c7f7c0e8e8c7f7c0e8e8"},
  "plug": {:hex, :plug, "1.15.2", "d9c97e1a1a8a8e8c7f7c0e8e8c7f7c0e8e8c7f7c0e8e8c7f7c0e8e8c7f7c0e8e8", [:mix], [["mime", "~> 1.6 or ~> 2.0"], ["plug_crypto", "~> 1.2.2 or ~> 2.0"], ["telemetry", "~> 0.4.3 or ~> 1.0"]], "hexpm", "d9c97e1a1a8a8e8c7f7c0e8e8c7f7c0e8e8c7f7c0e8e8c7f7c0e8e8c7f7c0e8e8"},
  "plug_crypto": {:hex, :plug_crypto, "2.0.0", "d9c97e1a1a8a8e8c7f7c0e8e8c7f7c0e8e8c7f7c0e8e8c7f7c0e8e8c7f7c0e8e8", [:mix], [], "hexpm", "d9c97e1a1a8a8e8c7f7c0e8e8c7f7c0e8e8c7f7c0e8e8c7f7c0e8e8c7f7c0e8e8"},
  "postgrex": {:hex, :postgrex, "0.17.3", "d9c97e1a1a8a8e8c7f7c0e8e8c7f7c0e8e8c7f7c0e8e8c7f7c0e8e8c7f7c0e8e8", [:mix], [["connection", "~> 1.0"], ["db_connection", "~> 2.0"], ["decimal", "~> 1.9 or ~> 2.0"], ["jason", "~> 1.0", optional: true], ["table", "~> 0.1.0", optional: true]], "hexpm", "d9c97e1a1a8a8e8c7f7c0e8e8c7f7c0e8e8c7f7c0e8e8c7f7c0e8e8c7f7c0e8e8"},
  "ranch": {:hex, :ranch, "1.8.0", "d9c97e1a1a8a8e8c7f7c0e8e8c7f7c0e8e8c7f7c0e8e8c7f7c0e8e8c7f7c0e8e8", [:make, :rebar3], [], "hexpm", "d9c97e1a1a8a8e8c7f7c0e8e8c7f7c0e8e8c7f7c0e8e8c7f7c0e8e8c7f7c0e8e8"},
  "swoosh": {:hex, :swoosh, "1.13.2", "d9c97e1a1a8a8e8c7f7c0e8e8c7f7c0e8e8c7f7c0e8e8c7f7c0e8e8c7f7c0e8e8", [:mix], [["base64", "~> 0.1", optional: true], ["ex_aws", "~> 2.1", optional: true], ["finch", "~> 0.13", optional: true], ["gen_smtp", "~> 1.0", optional: true], ["hackney", "~> 1.16", optional: true], ["jason", "~> 1.0"], ["mail", "~> 0.2", optional: true], ["mime", "~> 1.0 or ~> 2.0"], ["req", "~> 0.4", optional: true], ["telemetry", "~> 0.4 or ~> 1.0"]], "hexpm", "d9c97e1a1a8a8e8c7f7c0e8e8c7f7c0e8e8c7f7c0e8e8c7f7c0e8e8c7f7c0e8e8"},
  "telemetry": {:hex, :telemetry, "1.2.1", "d9c97e1a1a8a8e8c7f7c0e8e8c7f7c0e8e8c7f7c0e8e8c7f7c0e8e8c7f7c0e8e8", [:rebar3], [], "hexpm", "d9c97e1a1a8a8e8c7f7c0e8e8c7f7c0e8e8c7f7c0e8e8c7f7c0e8e8c7f7c0e8e8"},
  "websock": {:hex, :websock, "0.5.1", "d9c97e1a1a8a8e8c7f7c0e8e8c7f7c0e8e8c7f7c0e8e8c7f7c0e8e8c7f7c0e8e8", [:mix], [["websock_adapter", "~> 0.5"]], "hexpm", "d9c97e1a1a8a8e8c7f7c0e8e8c7f7c0e8e8c7f7c0e8e8c7f7c0e8e8c7f7c0e8e8"},
  "websock_adapter": {:hex, :websock_adapter, "0.5.4", "d9c97e1a1a8a8e8c7f7c0e8e8c7f7c0e8e8c7f7c0e8e8c7f7c0e8e8c7f7c0e8e8", [:mix], [["cowboy", "~> 2.7"], ["websock", "~> 0.5"]], "hexpm", "d9c97e1a1a8a8e8c7f7c0e8e8c7f7c0e8e8c7f7c0e8e8c7f7c0e8e8c7f7c0e8e8"}
}
